
Microsoft Visual Studio Solution File, Format Version 12.00
# Visual Studio Version 16
VisualStudioVersion = 16.0.33027.164
MinimumVisualStudioVersion = 10.0.40219.1
Project("{FAE04EC0-301F-11D3-BF4B-00C04F79EFBC}") = "TestZad2", "TestZad2\TestZad2.csproj", "{ECC3894A-D37F-4E53-8AAE-8EE78E097927}"
EndProject
Global
	GlobalSection(SolutionConfigurationPlatforms) = preSolution
		Debug|Any CPU = Debug|Any CPU
		Release|Any CPU = Release|Any CPU
	EndGlobalSection
	GlobalSection(ProjectConfigurationPlatforms) = postSolution
		{ECC3894A-D37F-4E53-8AAE-8EE78E097927}.Debug|Any CPU.ActiveCfg = Debug|Any CPU
		{ECC3894A-D37F-4E53-8AAE-8EE78E097927}.Debug|Any CPU.Build.0 = Debug|Any CPU
		{ECC3894A-D37F-4E53-8AAE-8EE78E097927}.Release|Any CPU.ActiveCfg = Release|Any CPU
		{ECC3894A-D37F-4E53-8AAE-8EE78E097927}.Release|Any CPU.Build.0 = Release|Any CPU
	EndGlobalSection
	GlobalSection(SolutionProperties) = preSolution
		HideSolutionNode = FALSE
	EndGlobalSection
	GlobalSection(ExtensibilityGlobals) = postSolution
		SolutionGuid = {171131A3-FA6F-4BDB-994A-ABFDF1ADB22B}
	EndGlobalSection
EndGlobal
